Microsoft Visual Studio Solution File, Format Version 12.00
# Visual Studio Version 17
VisualStudioVersion = 17.5.2.0
MinimumVisualStudioVersion = 10.0.40219.1
Project("{FAE04EC0-301F-11D3-BF4B-00C04F79EFBC}") = "Blind-Match-PAS", "Blind-Match-PAS\Blind-Match-PAS.csproj", "{0C700F5D-7CA6-73B2-F401-43FACA0946C9}"
EndProject
Global
	GlobalSection(SolutionConfigurationPlatforms) = preSolution
		Debug|Any CPU = Debug|Any CPU
		Release|Any CPU = Release|Any CPU
	EndGlobalSection
	GlobalSection(ProjectConfigurationPlatforms) = postSolution
		{0C700F5D-7CA6-73B2-F401-43FACA0946C9}.Debug|Any CPU.ActiveCfg = Debug|Any CPU
		{0C700F5D-7CA6-73B2-F401-43FACA0946C9}.Debug|Any CPU.Build.0 = Debug|Any CPU
		{0C700F5D-7CA6-73B2-F401-43FACA0946C9}.Release|Any CPU.ActiveCfg = Release|Any CPU
		{0C700F5D-7CA6-73B2-F401-43FACA0946C9}.Release|Any CPU.Build.0 = Release|Any CPU
	EndGlobalSection
	GlobalSection(SolutionProperties) = preSolution
		HideSolutionNode = FALSE
	EndGlobalSection
	GlobalSection(ExtensibilityGlobals) = postSolution
		SolutionGuid = {F685889C-2503-4D54-89E8-7694A8A060DB}
	EndGlobalSection
EndGlobal
